
Microsoft Visual Studio Solution File, Format Version 12.00
# Visual Studio Version 16
VisualStudioVersion = 16.0.31025.218
MinimumVisualStudioVersion = 10.0.40219.1
Project("{9A19103F-16F7-4668-BE54-9A1E7A4F7556}") = "M3UGeneratorCore", "M3UGeneratorCore\M3UGeneratorCore.csproj", "{E4AEB7D6-6A87-44F7-8ED3-BE89607FD8EC}"
EndProject
Project("{FAE04EC0-301F-11D3-BF4B-00C04F79EFBC}") = "M3UGenerator", "M3UGenerator\M3UGenerator.csproj", "{C6F5ADC6-9D08-43EE-9896-B3195AD4064E}"
EndProject
Global
	GlobalSection(SolutionConfigurationPlatforms) = preSolution
		Debug|Any CPU = Debug|Any CPU
		Release|Any CPU = Release|Any CPU
	EndGlobalSection
	GlobalSection(ProjectConfigurationPlatforms) = postSolution
		{E4AEB7D6-6A87-44F7-8ED3-BE89607FD8EC}.Debug|Any CPU.ActiveCfg = Debug|Any CPU
		{E4AEB7D6-6A87-44F7-8ED3-BE89607FD8EC}.Debug|Any CPU.Build.0 = Debug|Any CPU
		{E4AEB7D6-6A87-44F7-8ED3-BE89607FD8EC}.Release|Any CPU.ActiveCfg = Release|Any CPU
		{E4AEB7D6-6A87-44F7-8ED3-BE89607FD8EC}.Release|Any CPU.Build.0 = Release|Any CPU
		{C6F5ADC6-9D08-43EE-9896-B3195AD4064E}.Debug|Any CPU.ActiveCfg = Debug|Any CPU
		{C6F5ADC6-9D08-43EE-9896-B3195AD4064E}.Debug|Any CPU.Build.0 = Debug|Any CPU
		{C6F5ADC6-9D08-43EE-9896-B3195AD4064E}.Release|Any CPU.ActiveCfg = Release|Any CPU
		{C6F5ADC6-9D08-43EE-9896-B3195AD4064E}.Release|Any CPU.Build.0 = Release|Any CPU
	EndGlobalSection
	GlobalSection(SolutionProperties) = preSolution
		HideSolutionNode = FALSE
	EndGlobalSection
	GlobalSection(ExtensibilityGlobals) = postSolution
		SolutionGuid = {1F3738E7-7529-46D0-840E-2DC960438CDE}
	EndGlobalSection
EndGlobal
